
Microsoft Visual Studio Solution File, Format Version 12.00
# Visual Studio Version 17
VisualStudioVersion = 17.0.31903.59
MinimumVisualStudioVersion = 10.0.40219.1
Project("{FAE04EC0-301F-11D3-BF4B-00C04F79EFBC}") = "OrderService", "OrderService\OrderService.csproj", "{ED55F149-90B9-44EE-BDDB-37C505421CBE}"
EndProject
Project("{FAE04EC0-301F-11D3-BF4B-00C04F79EFBC}") = "PaymentService", "PaymentService\PaymentService.csproj", "{F479AAE4-E14D-4304-A8BC-356F1B1BD215}"
EndProject
Project("{FAE04EC0-301F-11D3-BF4B-00C04F79EFBC}") = "ProductionService", "ProductionService\ProductionService.csproj", "{6A87274D-0A83-4595-A167-4611921437A2}"
EndProject
Project("{FAE04EC0-301F-11D3-BF4B-00C04F79EFBC}") = "EmailService", "EmailService\EmailService.csproj", "{35DA1A56-352E-48CF-9DD4-DC732E02D754}"
EndProject
Global
	GlobalSection(SolutionConfigurationPlatforms) = preSolution
		Debug|Any CPU = Debug|Any CPU
		Release|Any CPU = Release|Any CPU
	EndGlobalSection
	GlobalSection(SolutionProperties) = preSolution
		HideSolutionNode = FALSE
	EndGlobalSection
	GlobalSection(ProjectConfigurationPlatforms) = postSolution
		{ED55F149-90B9-44EE-BDDB-37C505421CBE}.Debug|Any CPU.ActiveCfg = Debug|Any CPU
		{ED55F149-90B9-44EE-BDDB-37C505421CBE}.Debug|Any CPU.Build.0 = Debug|Any CPU
		{ED55F149-90B9-44EE-BDDB-37C505421CBE}.Release|Any CPU.ActiveCfg = Release|Any CPU
		{ED55F149-90B9-44EE-BDDB-37C505421CBE}.Release|Any CPU.Build.0 = Release|Any CPU
		{F479AAE4-E14D-4304-A8BC-356F1B1BD215}.Debug|Any CPU.ActiveCfg = Debug|Any CPU
		{F479AAE4-E14D-4304-A8BC-356F1B1BD215}.Debug|Any CPU.Build.0 = Debug|Any CPU
		{F479AAE4-E14D-4304-A8BC-356F1B1BD215}.Release|Any CPU.ActiveCfg = Release|Any CPU
		{F479AAE4-E14D-4304-A8BC-356F1B1BD215}.Release|Any CPU.Build.0 = Release|Any CPU
		{6A87274D-0A83-4595-A167-4611921437A2}.Debug|Any CPU.ActiveCfg = Debug|Any CPU
		{6A87274D-0A83-4595-A167-4611921437A2}.Debug|Any CPU.Build.0 = Debug|Any CPU
		{6A87274D-0A83-4595-A167-4611921437A2}.Release|Any CPU.ActiveCfg = Release|Any CPU
		{6A87274D-0A83-4595-A167-4611921437A2}.Release|Any CPU.Build.0 = Release|Any CPU
		{35DA1A56-352E-48CF-9DD4-DC732E02D754}.Debug|Any CPU.ActiveCfg = Debug|Any CPU
		{35DA1A56-352E-48CF-9DD4-DC732E02D754}.Debug|Any CPU.Build.0 = Debug|Any CPU
		{35DA1A56-352E-48CF-9DD4-DC732E02D754}.Release|Any CPU.ActiveCfg = Release|Any CPU
		{35DA1A56-352E-48CF-9DD4-DC732E02D754}.Release|Any CPU.Build.0 = Release|Any CPU
	EndGlobalSection
EndGlobal
